
Microsoft Visual Studio Solution File, Format Version 12.00
# Visual Studio Version 17
VisualStudioVersion = 17.14.36221.1 d17.14
MinimumVisualStudioVersion = 10.0.40219.1
Project("{FAE04EC0-301F-11D3-BF4B-00C04F79EFBC}") = "UniObs.Domain", "UniObs.Domain\UniObs.Domain.csproj", "{A60EDD58-FD8D-4B6A-82BC-E10871C42DBD}"
EndProject
Project("{FAE04EC0-301F-11D3-BF4B-00C04F79EFBC}") = "UniObs.Application", "UniObs.Application\UniObs.Application.csproj", "{A88E96F1-789A-4C64-9CAE-5FB6E755284C}"
EndProject
Project("{FAE04EC0-301F-11D3-BF4B-00C04F79EFBC}") = "UniObs.Infrastructure", "UniObs.Infrastructure\UniObs.Infrastructure.csproj", "{27C8C023-9FDC-454E-90E3-8507675C67CD}"
EndProject
Project("{FAE04EC0-301F-11D3-BF4B-00C04F79EFBC}") = "UniObs.WebUI", "UniObs.WebUI\UniObs.WebUI.csproj", "{04920DA9-0B53-48B1-9002-EA0803472C80}"
EndProject
Global
	GlobalSection(SolutionConfigurationPlatforms) = preSolution
		Debug|Any CPU = Debug|Any CPU
		Release|Any CPU = Release|Any CPU
	EndGlobalSection
	GlobalSection(ProjectConfigurationPlatforms) = postSolution
		{A60EDD58-FD8D-4B6A-82BC-E10871C42DBD}.Debug|Any CPU.ActiveCfg = Debug|Any CPU
		{A60EDD58-FD8D-4B6A-82BC-E10871C42DBD}.Debug|Any CPU.Build.0 = Debug|Any CPU
		{A60EDD58-FD8D-4B6A-82BC-E10871C42DBD}.Release|Any CPU.ActiveCfg = Release|Any CPU
		{A60EDD58-FD8D-4B6A-82BC-E10871C42DBD}.Release|Any CPU.Build.0 = Release|Any CPU
		{A88E96F1-789A-4C64-9CAE-5FB6E755284C}.Debug|Any CPU.ActiveCfg = Debug|Any CPU
		{A88E96F1-789A-4C64-9CAE-5FB6E755284C}.Debug|Any CPU.Build.0 = Debug|Any CPU
		{A88E96F1-789A-4C64-9CAE-5FB6E755284C}.Release|Any CPU.ActiveCfg = Release|Any CPU
		{A88E96F1-789A-4C64-9CAE-5FB6E755284C}.Release|Any CPU.Build.0 = Release|Any CPU
		{27C8C023-9FDC-454E-90E3-8507675C67CD}.Debug|Any CPU.ActiveCfg = Debug|Any CPU
		{27C8C023-9FDC-454E-90E3-8507675C67CD}.Debug|Any CPU.Build.0 = Debug|Any CPU
		{27C8C023-9FDC-454E-90E3-8507675C67CD}.Release|Any CPU.ActiveCfg = Release|Any CPU
		{27C8C023-9FDC-454E-90E3-8507675C67CD}.Release|Any CPU.Build.0 = Release|Any CPU
		{04920DA9-0B53-48B1-9002-EA0803472C80}.Debug|Any CPU.ActiveCfg = Debug|Any CPU
		{04920DA9-0B53-48B1-9002-EA0803472C80}.Debug|Any CPU.Build.0 = Debug|Any CPU
		{04920DA9-0B53-48B1-9002-EA0803472C80}.Release|Any CPU.ActiveCfg = Release|Any CPU
		{04920DA9-0B53-48B1-9002-EA0803472C80}.Release|Any CPU.Build.0 = Release|Any CPU
	EndGlobalSection
	GlobalSection(SolutionProperties) = preSolution
		HideSolutionNode = FALSE
	EndGlobalSection
	GlobalSection(ExtensibilityGlobals) = postSolution
		SolutionGuid = {4A4E16FA-81CF-4135-9D4C-BBA5898C5E82}
	EndGlobalSection
EndGlobal
